
Microsoft Visual Studio Solution File, Format Version 12.00
# Visual Studio Version 17
VisualStudioVersion = 17.8.34330.188
MinimumVisualStudioVersion = 10.0.40219.1
Project("{FAE04EC0-301F-11D3-BF4B-00C04F79EFBC}") = "0402", "0402.csproj", "{8F2FEF3F-3F56-4E2F-B452-B3A1868FA53C}"
EndProject
Global
	GlobalSection(SolutionConfigurationPlatforms) = preSolution
		Debug|Any CPU = Debug|Any CPU
		Release|Any CPU = Release|Any CPU
	EndGlobalSection
	GlobalSection(ProjectConfigurationPlatforms) = postSolution
		{8F2FEF3F-3F56-4E2F-B452-B3A1868FA53C}.Debug|Any CPU.ActiveCfg = Debug|Any CPU
		{8F2FEF3F-3F56-4E2F-B452-B3A1868FA53C}.Debug|Any CPU.Build.0 = Debug|Any CPU
		{8F2FEF3F-3F56-4E2F-B452-B3A1868FA53C}.Release|Any CPU.ActiveCfg = Release|Any CPU
		{8F2FEF3F-3F56-4E2F-B452-B3A1868FA53C}.Release|Any CPU.Build.0 = Release|Any CPU
	EndGlobalSection
	GlobalSection(SolutionProperties) = preSolution
		HideSolutionNode = FALSE
	EndGlobalSection
	GlobalSection(ExtensibilityGlobals) = postSolution
		SolutionGuid = {A281362E-9EFF-4006-A049-1332601E409D}
	EndGlobalSection
EndGlobal
